// !$*UTF8*$!
{
	archiveVersion = 1;
	classes = {
	};
	objectVersion = 50;
	objects = {

/* Begin PBXBuildFile section */
		215C7D175C767E6559CC3193 /* Pods_flixTests.framework in Frameworks */ = {isa = PBXBuildFile; fileRef = 923D8CA114192A2C1E0E39DD /* Pods_flixTests.framework */; };
		43A86BEB07D07BC80179F5EF /* Pods_flix.framework in Frameworks */ = {isa = PBXBuildFile; fileRef = 893842CBB0573ED3B439EBC6 /* Pods_flix.framework */; };
		CA101DBFC4B6BF8823645EAB /* Pods_flixUITests.framework in Frameworks */ = {isa = PBXBuildFile; fileRef = 5393385D2FA7B6E4BFE8B05E /* Pods_flixUITests.framework */; };
		F344B29B2261D02E00190D2D /* AppDelegate.swift in Sources */ = {isa = PBXBuildFile; fileRef = F344B29A2261D02E00190D2D /* AppDelegate.swift */; };
		F344B2A02261D02E00190D2D /* Main.storyboard in Resources */ = {isa = PBXBuildFile; fileRef = F344B29E2261D02E00190D2D /* Main.storyboard */; };
		F344B2A22261D02F00190D2D /* Assets.xcassets in Resources */ = {isa = PBXBuildFile; fileRef = F344B2A12261D02F00190D2D /* Assets.xcassets */; };
		F344B2A52261D02F00190D2D /* LaunchScreen.storyboard in Resources */ = {isa = PBXBuildFile; fileRef = F344B2A32261D02F00190D2D /* LaunchScreen.storyboard */; };
		F344B2B02261D02F00190D2D /* flixTests.swift in Sources */ = {isa = PBXBuildFile; fileRef = F344B2AF2261D02F00190D2D /* flixTests.swift */; };
		F344B2BB2261D02F00190D2D /* flixUITests.swift in Sources */ = {isa = PBXBuildFile; fileRef = F344B2BA2261D02F00190D2D /* flixUITests.swift */; };
		F344B2C92261D1C600190D2D /* MoviesViewController.swift in Sources */ = {isa = PBXBuildFile; fileRef = F344B2C82261D1C600190D2D /* MoviesViewController.swift */; };
		F344B2CB2261E47B00190D2D /* MovieCell.swift in Sources */ = {isa = PBXBuildFile; fileRef = F344B2CA2261E47B00190D2D /* MovieCell.swift */; };
		F344B2CF226BFA2400190D2D /* MovieDetailsViewController.swift in Sources */ = {isa = PBXBuildFile; fileRef = F344B2CE226BFA2400190D2D /* MovieDetailsViewController.swift */; };
		F344B2D1226C057500190D2D /* MovieGridViewController.swift in Sources */ = {isa = PBXBuildFile; fileRef = F344B2D0226C057500190D2D /* MovieGridViewController.swift */; };
		F344B2D4226C08E200190D2D /* MovieGridCell.swift in Sources */ = {isa = PBXBuildFile; fileRef = F344B2D3226C08E200190D2D /* MovieGridCell.swift */; };
/* End PBXBuildFile section */

/* Begin PBXContainerItemProxy section */
		F344B2AC2261D02F00190D2D /* PBXContainerItemProxy */ = {
			isa = PBXContainerItemProxy;
			containerPortal = F344B28F2261D02E00190D2D /* Project object */;
			proxyType = 1;
			remoteGlobalIDString = F344B2962261D02E00190D2D;
			remoteInfo = flix;
		};
		F344B2B72261D02F00190D2D /* PBXContainerItemProxy */ = {
			isa = PBXContainerItemProxy;
			containerPortal = F344B28F2261D02E00190D2D /* Project object */;
			proxyType = 1;
			remoteGlobalIDString = F344B2962261D02E00190D2D;
			remoteInfo = flix;
		};
/* End PBXContainerItemProxy section */

/* Begin PBXFileReference section */
		1FA91A744AC7066C1817C0C2 /* Pods-flixTests.release.xcconfig */ = {isa = PBXFileReference; includeInIndex = 1; lastKnownFileType = text.xcconfig; name = "Pods-flixTests.release.xcconfig"; path = "Target Support Files/Pods-flixTests/Pods-flixTests.release.xcconfig"; sourceTree = "<group>"; };
		5393385D2FA7B6E4BFE8B05E /* Pods_flixUITests.framework */ = {isa = PBXFileReference; explicitFileType = wrapper.framework; includeInIndex = 0; path = Pods_flixUITests.framework; sourceTree = BUILT_PRODUCTS_DIR; };
		5F2E2C5D71BA9BD5DD8EF163 /* Pods-flixTests.debug.xcconfig */ = {isa = PBXFileReference; includeInIndex = 1; lastKnownFileType = text.xcconfig; name = "Pods-flixTests.debug.xcconfig"; path = "Target Support Files/Pods-flixTests/Pods-flixTests.debug.xcconfig"; sourceTree = "<group>"; };
		76C164700F397A212CF6DB1B /* Pods-flix.debug.xcconfig */ = {isa = PBXFileReference; includeInIndex = 1; lastKnownFileType = text.xcconfig; name = "Pods-flix.debug.xcconfig"; path = "Target Support Files/Pods-flix/Pods-flix.debug.xcconfig"; sourceTree = "<group>"; };
		77D5930812745236FD500207 /* Pods-flixUITests.debug.xcconfig */ = {isa = PBXFileReference; includeInIndex = 1; lastKnownFileType = text.xcconfig; name = "Pods-flixUITests.debug.xcconfig"; path = "Target Support Files/Pods-flixUITests/Pods-flixUITests.debug.xcconfig"; sourceTree = "<group>"; };
		893842CBB0573ED3B439EBC6 /* Pods_flix.framework */ = {isa = PBXFileReference; explicitFileType = wrapper.framework; includeInIndex = 0; path = Pods_flix.framework; sourceTree = BUILT_PRODUCTS_DIR; };
		923D8CA114192A2C1E0E39DD /* Pods_flixTests.framework */ = {isa = PBXFileReference; explicitFileType = wrapper.framework; includeInIndex = 0; path = Pods_flixTests.framework; sourceTree = BUILT_PRODUCTS_DIR; };
		98484EEF497EFEC413BB6613 /* Pods-flixUITests.release.xcconfig */ = {isa = PBXFileReference; includeInIndex = 1; lastKnownFileType = text.xcconfig; name = "Pods-flixUITests.release.xcconfig"; path = "Target Support Files/Pods-flixUITests/Pods-flixUITests.release.xcconfig"; sourceTree = "<group>"; };
		A451FA8FB3EC875B40BC4EE6 /* Pods-flix.release.xcconfig */ = {isa = PBXFileReference; includeInIndex = 1; lastKnownFileType = text.xcconfig; name = "Pods-flix.release.xcconfig"; path = "Target Support Files/Pods-flix/Pods-flix.release.xcconfig"; sourceTree = "<group>"; };
		F344B2972261D02E00190D2D /* flix.app */ = {isa = PBXFileReference; explicitFileType = wrapper.application; includeInIndex = 0; path = flix.app; sourceTree = BUILT_PRODUCTS_DIR; };
		F344B29A2261D02E00190D2D /* AppDelegate.swift */ = {isa = PBXFileReference; lastKnownFileType = sourcecode.swift; path = AppDelegate.swift; sourceTree = "<group>"; };
		F344B29F2261D02E00190D2D /* Base */ = {isa = PBXFileReference; lastKnownFileType = file.storyboard; name = Base; path = Base.lproj/Main.storyboard; sourceTree = "<group>"; };
		F344B2A12261D02F00190D2D /* Assets.xcassets */ = {isa = PBXFileReference; lastKnownFileType = folder.assetcatalog; path = Assets.xcassets; sourceTree = "<group>"; };
		F344B2A42261D02F00190D2D /* Base */ = {isa = PBXFileReference; lastKnownFileType = file.storyboard; name = Base; path = Base.lproj/LaunchScreen.storyboard; sourceTree = "<group>"; };
		F344B2A62261D02F00190D2D /* Info.plist */ = {isa = PBXFileReference; lastKnownFileType = text.plist.xml; path = Info.plist; sourceTree = "<group>"; };
		F344B2AB2261D02F00190D2D /* flixTests.xctest */ = {isa = PBXFileReference; explicitFileType = wrapper.cfbundle; includeInIndex = 0; path = flixTests.xctest; sourceTree = BUILT_PRODUCTS_DIR; };
		F344B2AF2261D02F00190D2D /* flixTests.swift */ = {isa = PBXFileReference; lastKnownFileType = sourcecode.swift; path = flixTests.swift; sourceTree = "<group>"; };
		F344B2B12261D02F00190D2D /* Info.plist */ = {isa = PBXFileReference; lastKnownFileType = text.plist.xml; path = Info.plist; sourceTree = "<group>"; };
		F344B2B62261D02F00190D2D /* flixUITests.xctest */ = {isa = PBXFileReference; explicitFileType = wrapper.cfbundle; includeInIndex = 0; path = flixUITests.xctest; sourceTree = BUILT_PRODUCTS_DIR; };
		F344B2BA2261D02F00190D2D /* flixUITests.swift */ = {isa = PBXFileReference; lastKnownFileType = sourcecode.swift; path = flixUITests.swift; sourceTree = "<group>"; };
		F344B2BC2261D02F00190D2D /* Info.plist */ = {isa = PBXFileReference; lastKnownFileType = text.plist.xml; path = Info.plist; sourceTree = "<group>"; };
		F344B2C82261D1C600190D2D /* MoviesViewController.swift */ = {isa = PBXFileReference; lastKnownFileType = sourcecode.swift; path = MoviesViewController.swift; sourceTree = "<group>"; };
		F344B2CA2261E47B00190D2D /* MovieCell.swift */ = {isa = PBXFileReference; lastKnownFileType = sourcecode.swift; path = MovieCell.swift; sourceTree = "<group>"; };
		F344B2CE226BFA2400190D2D /* MovieDetailsViewController.swift */ = {isa = PBXFileReference; lastKnownFileType = sourcecode.swift; path = MovieDetailsViewController.swift; sourceTree = "<group>"; };
		F344B2D0226C057500190D2D /* MovieGridViewController.swift */ = {isa = PBXFileReference; lastKnownFileType = sourcecode.swift; path = MovieGridViewController.swift; sourceTree = "<group>"; };
		F344B2D3226C08E200190D2D /* MovieGridCell.swift */ = {isa = PBXFileReference; lastKnownFileType = sourcecode.swift; path = MovieGridCell.swift; sourceTree = "<group>"; };
/* End PBXFileReference section */

/* Begin PBXFrameworksBuildPhase section */
		F344B2942261D02E00190D2D /* Frameworks */ = {
			isa = PBXFrameworksBuildPhase;
			buildActionMask = 2147483647;
			files = (
				43A86BEB07D07BC80179F5EF /* Pods_flix.framework in Frameworks */,
			);
			runOnlyForDeploymentPostprocessing = 0;
		};
		F344B2A82261D02F00190D2D /* Frameworks */ = {
			isa = PBXFrameworksBuildPhase;
			buildActionMask = 2147483647;
			files = (
				215C7D175C767E6559CC3193 /* Pods_flixTests.framework in Frameworks */,
			);
			runOnlyForDeploymentPostprocessing = 0;
		};
		F344B2B32261D02F00190D2D /* Frameworks */ = {
			isa = PBXFrameworksBuildPhase;
			buildActionMask = 2147483647;
			files = (
				CA101DBFC4B6BF8823645EAB /* Pods_flixUITests.framework in Frameworks */,
			);
			runOnlyForDeploymentPostprocessing = 0;
		};
/* End PBXFrameworksBuildPhase section */

/* Begin PBXGroup section */
		53C63189D699825AF4B612A8 /* Pods */ = {
			isa = PBXGroup;
			children = (
				76C164700F397A212CF6DB1B /* Pods-flix.debug.xcconfig */,
				A451FA8FB3EC875B40BC4EE6 /* Pods-flix.release.xcconfig */,
				5F2E2C5D71BA9BD5DD8EF163 /* Pods-flixTests.debug.xcconfig */,
				1FA91A744AC7066C1817C0C2 /* Pods-flixTests.release.xcconfig */,
				77D5930812745236FD500207 /* Pods-flixUITests.debug.xcconfig */,
				98484EEF497EFEC413BB6613 /* Pods-flixUITests.release.xcconfig */,
			);
			path = Pods;
			sourceTree = "<group>";
		};
		93D791CEC9006571F40ACEE4 /* Frameworks */ = {
			isa = PBXGroup;
			children = (
				893842CBB0573ED3B439EBC6 /* Pods_flix.framework */,
				923D8CA114192A2C1E0E39DD /* Pods_flixTests.framework */,
				5393385D2FA7B6E4BFE8B05E /* Pods_flixUITests.framework */,
			);
			name = Frameworks;
			sourceTree = "<group>";
		};
		F344B28E2261D02E00190D2D = {
			isa = PBXGroup;
			children = (
				F344B2992261D02E00190D2D /* flix */,
				F344B2AE2261D02F00190D2D /* flixTests */,
				F344B2B92261D02F00190D2D /* flixUITests */,
				F344B2982261D02E00190D2D /* Products */,
				53C63189D699825AF4B612A8 /* Pods */,
				93D791CEC9006571F40ACEE4 /* Frameworks */,
			);
			sourceTree = "<group>";
		};
		F344B2982261D02E00190D2D /* Products */ = {
			isa = PBXGroup;
			children = (
				F344B2972261D02E00190D2D /* flix.app */,
				F344B2AB2261D02F00190D2D /* flixTests.xctest */,
				F344B2B62261D02F00190D2D /* flixUITests.xctest */,
			);
			name = Products;
			sourceTree = "<group>";
		};
		F344B2992261D02E00190D2D /* flix */ = {
			isa = PBXGroup;
			children = (
				F344B29A2261D02E00190D2D /* AppDelegate.swift */,
				F344B2C82261D1C600190D2D /* MoviesViewController.swift */,
				F344B29E2261D02E00190D2D /* Main.storyboard */,
				F344B2CA2261E47B00190D2D /* MovieCell.swift */,
				F344B2A12261D02F00190D2D /* Assets.xcassets */,
				F344B2A32261D02F00190D2D /* LaunchScreen.storyboard */,
				F344B2A62261D02F00190D2D /* Info.plist */,
				F344B2CE226BFA2400190D2D /* MovieDetailsViewController.swift */,
				F344B2D0226C057500190D2D /* MovieGridViewController.swift */,
				F344B2D3226C08E200190D2D /* MovieGridCell.swift */,
			);
			path = flix;
			sourceTree = "<group>";
		};
		F344B2AE2261D02F00190D2D /* flixTests */ = {
			isa = PBXGroup;
			children = (
				F344B2AF2261D02F00190D2D /* flixTests.swift */,
				F344B2B12261D02F00190D2D /* Info.plist */,
			);
			path = flixTests;
			sourceTree = "<group>";
		};
		F344B2B92261D02F00190D2D /* flixUITests */ = {
			isa = PBXGroup;
			children = (
				F344B2BA2261D02F00190D2D /* flixUITests.swift */,
				F344B2BC2261D02F00190D2D /* Info.plist */,
			);
			path = flixUITests;
			sourceTree = "<group>";
		};
/* End PBXGroup section */

/* Begin PBXNativeTarget section */
		F344B2962261D02E00190D2D /* flix */ = {
			isa = PBXNativeTarget;
			buildConfigurationList = F344B2BF2261D02F00190D2D /* Build configuration list for PBXNativeTarget "flix" */;
			buildPhases = (
				711E8F41A6F68EEE76ABC301 /* [CP] Check Pods Manifest.lock */,
				F344B2932261D02E00190D2D /* Sources */,
				F344B2942261D02E00190D2D /* Frameworks */,
				F344B2952261D02E00190D2D /* Resources */,
				43D11218DC4CE44CBBEAC82D /* [CP] Embed Pods Frameworks */,
			);
			buildRules = (
			);
			dependencies = (
			);
			name = flix;
			productName = flix;
			productReference = F344B2972261D02E00190D2D /* flix.app */;
			productType = "com.apple.product-type.application";
		};
		F344B2AA2261D02F00190D2D /* flixTests */ = {
			isa = PBXNativeTarget;
			buildConfigurationList = F344B2C22261D02F00190D2D /* Build configuration list for PBXNativeTarget "flixTests" */;
			buildPhases = (
				3348978C5E7322CBF15C2A3F /* [CP] Check Pods Manifest.lock */,
				F344B2A72261D02F00190D2D /* Sources */,
				F344B2A82261D02F00190D2D /* Frameworks */,
				F344B2A92261D02F00190D2D /* Resources */,
			);
			buildRules = (
			);
			dependencies = (
				F344B2AD2261D02F00190D2D /* PBXTargetDependency */,
			);
			name = flixTests;
			productName = flixTests;
			productReference = F344B2AB2261D02F00190D2D /* flixTests.xctest */;
			productType = "com.apple.product-type.bundle.unit-test";
		};
		F344B2B52261D02F00190D2D /* flixUITests */ = {
			isa = PBXNativeTarget;
			buildConfigurationList = F344B2C52261D02F00190D2D /* Build configuration list for PBXNativeTarget "flixUITests" */;
			buildPhases = (
				754EE4C119AA0017FE1B6391 /* [CP] Check Pods Manifest.lock */,
				F344B2B22261D02F00190D2D /* Sources */,
				F344B2B32261D02F00190D2D /* Frameworks */,
				F344B2B42261D02F00190D2D /* Resources */,
			);
			buildRules = (
			);
			dependencies = (
				F344B2B82261D02F00190D2D /* PBXTargetDependency */,
			);
			name = flixUITests;
			productName = flixUITests;
			productReference = F344B2B62261D02F00190D2D /* flixUITests.xctest */;
			productType = "com.apple.product-type.bundle.ui-testing";
		};
/* End PBXNativeTarget section */

/* Begin PBXProject section */
		F344B28F2261D02E00190D2D /* Project object */ = {
			isa = PBXProject;
			attributes = {
				LastSwiftUpdateCheck = 1010;
				LastUpgradeCheck = 1010;
				ORGANIZATIONNAME = fharimaw;
				TargetAttributes = {
					F344B2962261D02E00190D2D = {
						CreatedOnToolsVersion = 10.1;
					};
					F344B2AA2261D02F00190D2D = {
						CreatedOnToolsVersion = 10.1;
						TestTargetID = F344B2962261D02E00190D2D;
					};
					F344B2B52261D02F00190D2D = {
						CreatedOnToolsVersion = 10.1;
						TestTargetID = F344B2962261D02E00190D2D;
					};
				};
			};
			buildConfigurationList = F344B2922261D02E00190D2D /* Build configuration list for PBXProject "flix" */;
			compatibilityVersion = "Xcode 9.3";
			developmentRegion = en;
			hasScannedForEncodings = 0;
			knownRegions = (
				en,
				Base,
			);
			mainGroup = F344B28E2261D02E00190D2D;
			productRefGroup = F344B2982261D02E00190D2D /* Products */;
			projectDirPath = "";
			projectRoot = "";
			targets = (
				F344B2962261D02E00190D2D /* flix */,
				F344B2AA2261D02F00190D2D /* flixTests */,
				F344B2B52261D02F00190D2D /* flixUITests */,
			);
		};
/* End PBXProject section */

/* Begin PBXResourcesBuildPhase section */
		F344B2952261D02E00190D2D /* Resources */ = {
			isa = PBXResourcesBuildPhase;
			buildActionMask = 2147483647;
			files = (
				F344B2A52261D02F00190D2D /* LaunchScreen.storyboard in Resources */,
				F344B2A22261D02F00190D2D /* Assets.xcassets in Resources */,
				F344B2A02261D02E00190D2D /* Main.storyboard in Resources */,
			);
			runOnlyForDeploymentPostprocessing = 0;
		};
		F344B2A92261D02F00190D2D /* Resources */ = {
			isa = PBXResourcesBuildPhase;
			buildActionMask = 2147483647;
			files = (
			);
			runOnlyForDeploymentPostprocessing = 0;
		};
		F344B2B42261D02F00190D2D /* Resources */ = {
			isa = PBXResourcesBuildPhase;
			buildActionMask = 2147483647;
			files = (
			);
			runOnlyForDeploymentPostprocessing = 0;
		};
/* End PBXResourcesBuildPhase section */

/* Begin PBXShellScriptBuildPhase section */
		3348978C5E7322CBF15C2A3F /* [CP] Check Pods Manifest.lock */ = {
			isa = PBXShellScriptBuildPhase;
			buildActionMask = 2147483647;
			files = (
			);
			inputFileListPaths = (
			);
			inputPaths = (
				"${PODS_PODFILE_DIR_PATH}/Podfile.lock",
				"${PODS_ROOT}/Manifest.lock",
			);
			name = "[CP] Check Pods Manifest.lock";
			outputFileListPaths = (
			);
			outputPaths = (
				"$(DERIVED_FILE_DIR)/Pods-flixTests-checkManifestLockResult.txt",
			);
			runOnlyForDeploymentPostprocessing = 0;
			shellPath = /bin/sh;
			shellScript = "diff \"${PODS_PODFILE_DIR_PATH}/Podfile.lock\" \"${PODS_ROOT}/Manifest.lock\" > /dev/null\nif [ $? != 0 ] ; then\n    # print error to STDERR\n    echo \"error: The sandbox is not in sync with the Podfile.lock. Run 'pod install' or update your CocoaPods installation.\" >&2\n    exit 1\nfi\n# This output is used by Xcode 'outputs' to avoid re-running this script phase.\necho \"SUCCESS\" > \"${SCRIPT_OUTPUT_FILE_0}\"\n";
			showEnvVarsInLog = 0;
		};
		43D11218DC4CE44CBBEAC82D /* [CP] Embed Pods Frameworks */ = {
			isa = PBXShellScriptBuildPhase;
			buildActionMask = 2147483647;
			files = (
			);
			inputFileListPaths = (
			);
			inputPaths = (
				"${PODS_ROOT}/Target Support Files/Pods-flix/Pods-flix-frameworks.sh",
				"${BUILT_PRODUCTS_DIR}/Alamofire/Alamofire.framework",
				"${BUILT_PRODUCTS_DIR}/AlamofireImage/AlamofireImage.framework",
			);
			name = "[CP] Embed Pods Frameworks";
			outputFileListPaths = (
			);
			outputPaths = (
				"${TARGET_BUILD_DIR}/${FRAMEWORKS_FOLDER_PATH}/Alamofire.framework",
				"${TARGET_BUILD_DIR}/${FRAMEWORKS_FOLDER_PATH}/AlamofireImage.framework",
			);
			runOnlyForDeploymentPostprocessing = 0;
			shellPath = /bin/sh;
			shellScript = "\"${PODS_ROOT}/Target Support Files/Pods-flix/Pods-flix-frameworks.sh\"\n";
			showEnvVarsInLog = 0;
		};
		711E8F41A6F68EEE76ABC301 /* [CP] Check Pods Manifest.lock */ = {
			isa = PBXShellScriptBuildPhase;
			buildActionMask = 2147483647;
			files = (
			);
			inputFileListPaths = (
			);
			inputPaths = (
				"${PODS_PODFILE_DIR_PATH}/Podfile.lock",
				"${PODS_ROOT}/Manifest.lock",
			);
			name = "[CP] Check Pods Manifest.lock";
			outputFileListPaths = (
			);
			outputPaths = (
				"$(DERIVED_FILE_DIR)/Pods-flix-checkManifestLockResult.txt",
			);
			runOnlyForDeploymentPostprocessing = 0;
			shellPath = /bin/sh;
			shellScript = "diff \"${PODS_PODFILE_DIR_PATH}/Podfile.lock\" \"${PODS_ROOT}/Manifest.lock\" > /dev/null\nif [ $? != 0 ] ; then\n    # print error to STDERR\n    echo \"error: The sandbox is not in sync with the Podfile.lock. Run 'pod install' or update your CocoaPods installation.\" >&2\n    exit 1\nfi\n# This output is used by Xcode 'outputs' to avoid re-running this script phase.\necho \"SUCCESS\" > \"${SCRIPT_OUTPUT_FILE_0}\"\n";
			showEnvVarsInLog = 0;
		};
		754EE4C119AA0017FE1B6391 /* [CP] Check Pods Manifest.lock */ = {
			isa = PBXShellScriptBuildPhase;
			buildActionMask = 2147483647;
			files = (
			);
			inputFileListPaths = (
			);
			inputPaths = (
				"${PODS_PODFILE_DIR_PATH}/Podfile.lock",
				"${PODS_ROOT}/Manifest.lock",
			);
			name = "[CP] Check Pods Manifest.lock";
			outputFileListPaths = (
			);
			outputPaths = (
				"$(DERIVED_FILE_DIR)/Pods-flixUITests-checkManifestLockResult.txt",
			);
			runOnlyForDeploymentPostprocessing = 0;
			shellPath = /bin/sh;
			shellScript = "diff \"${PODS_PODFILE_DIR_PATH}/Podfile.lock\" \"${PODS_ROOT}/Manifest.lock\" > /dev/null\nif [ $? != 0 ] ; then\n    # print error to STDERR\n    echo \"error: The sandbox is not in sync with the Podfile.lock. Run 'pod install' or update your CocoaPods installation.\" >&2\n    exit 1\nfi\n# This output is used by Xcode 'outputs' to avoid re-running this script phase.\necho \"SUCCESS\" > \"${SCRIPT_OUTPUT_FILE_0}\"\n";
			showEnvVarsInLog = 0;
		};
/* End PBXShellScriptBuildPhase section */

/* Begin PBXSourcesBuildPhase section */
		F344B2932261D02E00190D2D /* Sources */ = {
			isa = PBXSourcesBuildPhase;
			buildActionMask = 2147483647;
			files = (
				F344B2D1226C057500190D2D /* MovieGridViewController.swift in Sources */,
				F344B2CF226BFA2400190D2D /* MovieDetailsViewController.swift in Sources */,
				F344B29B2261D02E00190D2D /* AppDelegate.swift in Sources */,
				F344B2C92261D1C600190D2D /* MoviesViewController.swift in Sources */,
				F344B2D4226C08E200190D2D /* MovieGridCell.swift in Sources */,
				F344B2CB2261E47B00190D2D /* MovieCell.swift in Sources */,
			);
			runOnlyForDeploymentPostprocessing = 0;
		};
		F344B2A72261D02F00190D2D /* Sources */ = {
			isa = PBXSourcesBuildPhase;
			buildActionMask = 2147483647;
			files = (
				F344B2B02261D02F00190D2D /* flixTests.swift in Sources */,
			);
			runOnlyForDeploymentPostprocessing = 0;
		};
		F344B2B22261D02F00190D2D /* Sources */ = {
			isa = PBXSourcesBuildPhase;
			buildActionMask = 2147483647;
			files = (
				F344B2BB2261D02F00190D2D /* flixUITests.swift in Sources */,
			);
			runOnlyForDeploymentPostprocessing = 0;
		};
/* End PBXSourcesBuildPhase section */

/* Begin PBXTargetDependency section */
		F344B2AD2261D02F00190D2D /* PBXTargetDependency */ = {
			isa = PBXTargetDependency;
			target = F344B2962261D02E00190D2D /* flix */;
			targetProxy = F344B2AC2261D02F00190D2D /* PBXContainerItemProxy */;
		};
		F344B2B82261D02F00190D2D /* PBXTargetDependency */ = {
			isa = PBXTargetDependency;
			target = F344B2962261D02E00190D2D /* flix */;
			targetProxy = F344B2B72261D02F00190D2D /* PBXContainerItemProxy */;
		};
/* End PBXTargetDependency section */

/* Begin PBXVariantGroup section */
		F344B29E2261D02E00190D2D /* Main.storyboard */ = {
			isa = PBXVariantGroup;
			children = (
				F344B29F2261D02E00190D2D /* Base */,
			);
			name = Main.storyboard;
			sourceTree = "<group>";
		};
		F344B2A32261D02F00190D2D /* LaunchScreen.storyboard */ = {
			isa = PBXVariantGroup;
			children = (
				F344B2A42261D02F00190D2D /* Base */,
			);
			name = LaunchScreen.storyboard;
			sourceTree = "<group>";
		};
/* End PBXVariantGroup section */

/* Begin XCBuildConfiguration section */
		F344B2BD2261D02F00190D2D /* Debug */ = {
			isa = XCBuildConfiguration;
			buildSettings = {
				ALWAYS_SEARCH_USER_PATHS = NO;
				CLANG_ANALYZER_NONNULL = YES;
				CLANG_ANALYZER_NUMBER_OBJECT_CONVERSION = YES_AGGRESSIVE;
				CLANG_CXX_LANGUAGE_STANDARD = "gnu++14";
				CLANG_CXX_LIBRARY = "libc++";
				CLANG_ENABLE_MODULES = YES;
				CLANG_ENABLE_OBJC_ARC = YES;
				CLANG_ENABLE_OBJC_WEAK = YES;
				CLANG_WARN_BLOCK_CAPTURE_AUTORELEASING = YES;
				CLANG_WARN_BOOL_CONVERSION = YES;
				CLANG_WARN_COMMA = YES;
				CLANG_WARN_CONSTANT_CONVERSION = YES;
				CLANG_WARN_DEPRECATED_OBJC_IMPLEMENTATIONS = YES;
				CLANG_WARN_DIRECT_OBJC_ISA_USAGE = YES_ERROR;
				CLANG_WARN_DOCUMENTATION_COMMENTS = YES;
				CLANG_WARN_EMPTY_BODY = YES;
				CLANG_WARN_ENUM_CONVERSION = YES;
				CLANG_WARN_INFINITE_RECURSION = YES;
				CLANG_WARN_INT_CONVERSION = YES;
				CLANG_WARN_NON_LITERAL_NULL_CONVERSION = YES;
				CLANG_WARN_OBJC_IMPLICIT_RETAIN_SELF = YES;
				CLANG_WARN_OBJC_LITERAL_CONVERSION = YES;
				CLANG_WARN_OBJC_ROOT_CLASS = YES_ERROR;
				CLANG_WARN_RANGE_LOOP_ANALYSIS = YES;
				CLANG_WARN_STRICT_PROTOTYPES = YES;
				CLANG_WARN_SUSPICIOUS_MOVE = YES;
				CLANG_WARN_UNGUARDED_AVAILABILITY = YES_AGGRESSIVE;
				CLANG_WARN_UNREACHABLE_CODE = YES;
				CLANG_WARN__DUPLICATE_METHOD_MATCH = YES;
				CODE_SIGN_IDENTITY = "iPhone Developer";
				COPY_PHASE_STRIP = NO;
				DEBUG_INFORMATION_FORMAT = dwarf;
				ENABLE_STRICT_OBJC_MSGSEND = YES;
				ENABLE_TESTABILITY = YES;
				GCC_C_LANGUAGE_STANDARD = gnu11;
				GCC_DYNAMIC_NO_PIC = NO;
				GCC_NO_COMMON_BLOCKS = YES;
				GCC_OPTIMIZATION_LEVEL = 0;
				GCC_PREPROCESSOR_DEFINITIONS = (
					"DEBUG=1",
					"$(inherited)",
				);
				GCC_WARN_64_TO_32_BIT_CONVERSION = YES;
				GCC_WARN_ABOUT_RETURN_TYPE = YES_ERROR;
				GCC_WARN_UNDECLARED_SELECTOR = YES;
				GCC_WARN_UNINITIALIZED_AUTOS = YES_AGGRESSIVE;
				GCC_WARN_UNUSED_FUNCTION = YES;
				GCC_WARN_UNUSED_VARIABLE = YES;
				IPHONEOS_DEPLOYMENT_TARGET = 12.1;
				MTL_ENABLE_DEBUG_INFO = INCLUDE_SOURCE;
				MTL_FAST_MATH = YES;
				ONLY_ACTIVE_ARCH = YES;
				SDKROOT = iphoneos;
				SWIFT_ACTIVE_COMPILATION_CONDITIONS = DEBUG;
				SWIFT_OPTIMIZATION_LEVEL = "-Onone";
			};
			name = Debug;
		};
		F344B2BE2261D02F00190D2D /* Release */ = {
			isa = XCBuildConfiguration;
			buildSettings = {
				ALWAYS_SEARCH_USER_PATHS = NO;
				CLANG_ANALYZER_NONNULL = YES;
				CLANG_ANALYZER_NUMBER_OBJECT_CONVERSION = YES_AGGRESSIVE;
				CLANG_CXX_LANGUAGE_STANDARD = "gnu++14";
				CLANG_CXX_LIBRARY = "libc++";
				CLANG_ENABLE_MODULES = YES;
				CLANG_ENABLE_OBJC_ARC = YES;
				CLANG_ENABLE_OBJC_WEAK = YES;
				CLANG_WARN_BLOCK_CAPTURE_AUTORELEASING = YES;
				CLANG_WARN_BOOL_CONVERSION = YES;
				CLANG_WARN_COMMA = YES;
				CLANG_WARN_CONSTANT_CONVERSION = YES;
				CLANG_WARN_DEPRECATED_OBJC_IMPLEMENTATIONS = YES;
				CLANG_WARN_DIRECT_OBJC_ISA_USAGE = YES_ERROR;
				CLANG_WARN_DOCUMENTATION_COMMENTS = YES;
				CLANG_WARN_EMPTY_BODY = YES;
				CLANG_WARN_ENUM_CONVERSION = YES;
				CLANG_WARN_INFINITE_RECURSION = YES;
				CLANG_WARN_INT_CONVERSION = YES;
				CLANG_WARN_NON_LITERAL_NULL_CONVERSION = YES;
				CLANG_WARN_OBJC_IMPLICIT_RETAIN_SELF = YES;
				CLANG_WARN_OBJC_LITERAL_CONVERSION = YES;
				CLANG_WARN_OBJC_ROOT_CLASS = YES_ERROR;
				CLANG_WARN_RANGE_LOOP_ANALYSIS = YES;
				CLANG_WARN_STRICT_PROTOTYPES = YES;
				CLANG_WARN_SUSPICIOUS_MOVE = YES;
				CLANG_WARN_UNGUARDED_AVAILABILITY = YES_AGGRESSIVE;
				CLANG_WARN_UNREACHABLE_CODE = YES;
				CLANG_WARN__DUPLICATE_METHOD_MATCH = YES;
				CODE_SIGN_IDENTITY = "iPhone Developer";
				COPY_PHASE_STRIP = NO;
				DEBUG_INFORMATION_FORMAT = "dwarf-with-dsym";
				ENABLE_NS_ASSERTIONS = NO;
				ENABLE_STRICT_OBJC_MSGSEND = YES;
				GCC_C_LANGUAGE_STANDARD = gnu11;
				GCC_NO_COMMON_BLOCKS = YES;
				GCC_WARN_64_TO_32_BIT_CONVERSION = YES;
				GCC_WARN_ABOUT_RETURN_TYPE = YES_ERROR;
				GCC_WARN_UNDECLARED_SELECTOR = YES;
				GCC_WARN_UNINITIALIZED_AUTOS = YES_AGGRESSIVE;
				GCC_WARN_UNUSED_FUNCTION = YES;
				GCC_WARN_UNUSED_VARIABLE = YES;
				IPHONEOS_DEPLOYMENT_TARGET = 12.1;
				MTL_ENABLE_DEBUG_INFO = NO;
				MTL_FAST_MATH = YES;
				SDKROOT = iphoneos;
				SWIFT_COMPILATION_MODE = wholemodule;
				SWIFT_OPTIMIZATION_LEVEL = "-O";
				VALIDATE_PRODUCT = YES;
			};
			name = Release;
		};
		F344B2C02261D02F00190D2D /* Debug */ = {
			isa = XCBuildConfiguration;
			baseConfigurationReference = 76C164700F397A212CF6DB1B /* Pods-flix.debug.xcconfig */;
			buildSettings = {
				ASSETCATALOG_COMPILER_APPICON_NAME = AppIcon;
				CODE_SIGN_STYLE = Automatic;
				INFOPLIST_FILE = flix/Info.plist;
				LD_RUNPATH_SEARCH_PATHS = (
					"$(inherited)",
					"@executable_path/Frameworks",
				);
				PRODUCT_BUNDLE_IDENTIFIER = com.farel.flix;
				PRODUCT_NAME = "$(TARGET_NAME)";
				SWIFT_VERSION = 4.2;
				TARGETED_DEVICE_FAMILY = "1,2";
			};
			name = Debug;
		};
		F344B2C12261D02F00190D2D /* Release */ = {
			isa = XCBuildConfiguration;
			baseConfigurationReference = A451FA8FB3EC875B40BC4EE6 /* Pods-flix.release.xcconfig */;
			buildSettings = {
				ASSETCATALOG_COMPILER_APPICON_NAME = AppIcon;
				CODE_SIGN_STYLE = Automatic;
				INFOPLIST_FILE = flix/Info.plist;
				LD_RUNPATH_SEARCH_PATHS = (
					"$(inherited)",
					"@executable_path/Frameworks",
				);
				PRODUCT_BUNDLE_IDENTIFIER = com.farel.flix;
				PRODUCT_NAME = "$(TARGET_NAME)";
				SWIFT_VERSION = 4.2;
				TARGETED_DEVICE_FAMILY = "1,2";
			};
			name = Release;
		};
		F344B2C32261D02F00190D2D /* Debug */ = {
			isa = XCBuildConfiguration;
			baseConfigurationReference = 5F2E2C5D71BA9BD5DD8EF163 /* Pods-flixTests.debug.xcconfig */;
			buildSettings = {
				ALWAYS_EMBED_SWIFT_STANDARD_LIBRARIES = YES;
				BUNDLE_LOADER = "$(TEST_HOST)";
				CODE_SIGN_STYLE = Automatic;
				INFOPLIST_FILE = flixTests/Info.plist;
				LD_RUNPATH_SEARCH_PATHS = (
					"$(inherited)",
					"@executable_path/Frameworks",
					"@loader_path/Frameworks",
				);
				PRODUCT_BUNDLE_IDENTIFIER = com.farel.flixTests;
				PRODUCT_NAME = "$(TARGET_NAME)";
				SWIFT_VERSION = 4.2;
				TARGETED_DEVICE_FAMILY = "1,2";
				TEST_HOST = "$(BUILT_PRODUCTS_DIR)/flix.app/flix";
			};
			name = Debug;
		};
		F344B2C42261D02F00190D2D /* Release */ = {
			isa = XCBuildConfiguration;
			baseConfigurationReference = 1FA91A744AC7066C1817C0C2 /* Pods-flixTests.release.xcconfig */;
			buildSettings = {
				ALWAYS_EMBED_SWIFT_STANDARD_LIBRARIES = YES;
				BUNDLE_LOADER = "$(TEST_HOST)";
				CODE_SIGN_STYLE = Automatic;
				INFOPLIST_FILE = flixTests/Info.plist;
				LD_RUNPATH_SEARCH_PATHS = (
					"$(inherited)",
					"@executable_path/Frameworks",
					"@loader_path/Frameworks",
				);
				PRODUCT_BUNDLE_IDENTIFIER = com.farel.flixTests;
				PRODUCT_NAME = "$(TARGET_NAME)";
				SWIFT_VERSION = 4.2;
				TARGETED_DEVICE_FAMILY = "1,2";
				TEST_HOST = "$(BUILT_PRODUCTS_DIR)/flix.app/flix";
			};
			name = Release;
		};
		F344B2C62261D02F00190D2D /* Debug */ = {
			isa = XCBuildConfiguration;
			baseConfigurationReference = 77D5930812745236FD500207 /* Pods-flixUITests.debug.xcconfig */;
			buildSettings = {
				ALWAYS_EMBED_SWIFT_STANDARD_LIBRARIES = YES;
				CODE_SIGN_STYLE = Automatic;
				INFOPLIST_FILE = flixUITests/Info.plist;
				LD_RUNPATH_SEARCH_PATHS = (
					"$(inherited)",
					"@executable_path/Frameworks",
					"@loader_path/Frameworks",
				);
				PRODUCT_BUNDLE_IDENTIFIER = com.farel.flixUITests;
				PRODUCT_NAME = "$(TARGET_NAME)";
				SWIFT_VERSION = 4.2;
				TARGETED_DEVICE_FAMILY = "1,2";
				TEST_TARGET_NAME = flix;
			};
			name = Debug;
		};
		F344B2C72261D02F00190D2D /* Release */ = {
			isa = XCBuildConfiguration;
			baseConfigurationReference = 98484EEF497EFEC413BB6613 /* Pods-flixUITests.release.xcconfig */;
			buildSettings = {
				ALWAYS_EMBED_SWIFT_STANDARD_LIBRARIES = YES;
				CODE_SIGN_STYLE = Automatic;
				INFOPLIST_FILE = flixUITests/Info.plist;
				LD_RUNPATH_SEARCH_PATHS = (
					"$(inherited)",
					"@executable_path/Frameworks",
					"@loader_path/Frameworks",
				);
				PRODUCT_BUNDLE_IDENTIFIER = com.farel.flixUITests;
				PRODUCT_NAME = "$(TARGET_NAME)";
				SWIFT_VERSION = 4.2;
				TARGETED_DEVICE_FAMILY = "1,2";
				TEST_TARGET_NAME = flix;
			};
			name = Release;
		};
/* End XCBuildConfiguration section */

/* Begin XCConfigurationList section */
		F344B2922261D02E00190D2D /* Build configuration list for PBXProject "flix" */ = {
			isa = XCConfigurationList;
			buildConfigurations = (
				F344B2BD2261D02F00190D2D /* Debug */,
				F344B2BE2261D02F00190D2D /* Release */,
			);
			defaultConfigurationIsVisible = 0;
			defaultConfigurationName = Release;
		};
		F344B2BF2261D02F00190D2D /* Build configuration list for PBXNativeTarget "flix" */ = {
			isa = XCConfigurationList;
			buildConfigurations = (
				F344B2C02261D02F00190D2D /* Debug */,
				F344B2C12261D02F00190D2D /* Release */,
			);
			defaultConfigurationIsVisible = 0;
			defaultConfigurationName = Release;
		};
		F344B2C22261D02F00190D2D /* Build configuration list for PBXNativeTarget "flixTests" */ = {
			isa = XCConfigurationList;
			buildConfigurations = (
				F344B2C32261D02F00190D2D /* Debug */,
				F344B2C42261D02F00190D2D /* Release */,
			);
			defaultConfigurationIsVisible = 0;
			defaultConfigurationName = Release;
		};
		F344B2C52261D02F00190D2D /* Build configuration list for PBXNativeTarget "flixUITests" */ = {
			isa = XCConfigurationList;
			buildConfigurations = (
				F344B2C62261D02F00190D2D /* Debug */,
				F344B2C72261D02F00190D2D /* Release */,
			);
			defaultConfigurationIsVisible = 0;
			defaultConfigurationName = Release;
		};
/* End XCConfigurationList section */
	};
	rootObject = F344B28F2261D02E00190D2D /* Project object */;
}
